
Microsoft Visual Studio Solution File, Format Version 12.00
# Visual Studio Version 17
VisualStudioVersion = 17.11.35327.3
MinimumVisualStudioVersion = 10.0.40219.1
Project("{FAE04EC0-301F-11D3-BF4B-00C04F79EFBC}") = "WPF_Tutorial_7", "WPF_Tutorial_7.csproj", "{158F7842-F01A-4EE2-9E5E-19DB52F68428}"
EndProject
Global
	GlobalSection(SolutionConfigurationPlatforms) = preSolution
		Debug|Any CPU = Debug|Any CPU
		Release|Any CPU = Release|Any CPU
	EndGlobalSection
	GlobalSection(ProjectConfigurationPlatforms) = postSolution
		{158F7842-F01A-4EE2-9E5E-19DB52F68428}.Debug|Any CPU.ActiveCfg = Debug|Any CPU
		{158F7842-F01A-4EE2-9E5E-19DB52F68428}.Debug|Any CPU.Build.0 = Debug|Any CPU
		{158F7842-F01A-4EE2-9E5E-19DB52F68428}.Release|Any CPU.ActiveCfg = Release|Any CPU
		{158F7842-F01A-4EE2-9E5E-19DB52F68428}.Release|Any CPU.Build.0 = Release|Any CPU
	EndGlobalSection
	GlobalSection(SolutionProperties) = preSolution
		HideSolutionNode = FALSE
	EndGlobalSection
	GlobalSection(ExtensibilityGlobals) = postSolution
		SolutionGuid = {1528B9BD-DB75-40A4-8912-D457ABE0183B}
	EndGlobalSection
EndGlobal
