
Microsoft Visual Studio Solution File, Format Version 12.00
# Visual Studio Version 17
VisualStudioVersion = 17.11.35327.3
MinimumVisualStudioVersion = 10.0.40219.1
Project("{FAE04EC0-301F-11D3-BF4B-00C04F79EFBC}") = "WPF_Tutorial_8", "WPF_Tutorial_8.csproj", "{AA55224A-AF49-436B-A3E9-64C88BB7B94A}"
EndProject
Global
	GlobalSection(SolutionConfigurationPlatforms) = preSolution
		Debug|Any CPU = Debug|Any CPU
		Release|Any CPU = Release|Any CPU
	EndGlobalSection
	GlobalSection(ProjectConfigurationPlatforms) = postSolution
		{AA55224A-AF49-436B-A3E9-64C88BB7B94A}.Debug|Any CPU.ActiveCfg = Debug|Any CPU
		{AA55224A-AF49-436B-A3E9-64C88BB7B94A}.Debug|Any CPU.Build.0 = Debug|Any CPU
		{AA55224A-AF49-436B-A3E9-64C88BB7B94A}.Release|Any CPU.ActiveCfg = Release|Any CPU
		{AA55224A-AF49-436B-A3E9-64C88BB7B94A}.Release|Any CPU.Build.0 = Release|Any CPU
	EndGlobalSection
	GlobalSection(SolutionProperties) = preSolution
		HideSolutionNode = FALSE
	EndGlobalSection
	GlobalSection(ExtensibilityGlobals) = postSolution
		SolutionGuid = {6EE3D419-620B-4F93-B161-D2A2E7BAA511}
	EndGlobalSection
EndGlobal
