
Microsoft Visual Studio Solution File, Format Version 12.00
# Visual Studio Version 17
VisualStudioVersion = 17.11.35327.3
MinimumVisualStudioVersion = 10.0.40219.1
Project("{FAE04EC0-301F-11D3-BF4B-00C04F79EFBC}") = "Forum", "Forum.csproj", "{B8D69B37-EA97-42E0-94F4-20CBB85973AA}"
EndProject
Global
	GlobalSection(SolutionConfigurationPlatforms) = preSolution
		Debug|Any CPU = Debug|Any CPU
		Release|Any CPU = Release|Any CPU
	EndGlobalSection
	GlobalSection(ProjectConfigurationPlatforms) = postSolution
		{B8D69B37-EA97-42E0-94F4-20CBB85973AA}.Debug|Any CPU.ActiveCfg = Debug|Any CPU
		{B8D69B37-EA97-42E0-94F4-20CBB85973AA}.Debug|Any CPU.Build.0 = Debug|Any CPU
		{B8D69B37-EA97-42E0-94F4-20CBB85973AA}.Release|Any CPU.ActiveCfg = Release|Any CPU
		{B8D69B37-EA97-42E0-94F4-20CBB85973AA}.Release|Any CPU.Build.0 = Release|Any CPU
	EndGlobalSection
	GlobalSection(SolutionProperties) = preSolution
		HideSolutionNode = FALSE
	EndGlobalSection
	GlobalSection(ExtensibilityGlobals) = postSolution
		SolutionGuid = {92536AB7-86EE-44E0-9255-4C7E19F30A23}
	EndGlobalSection
EndGlobal
