
Microsoft Visual Studio Solution File, Format Version 12.00
# Visual Studio Version 17
VisualStudioVersion = 17.11.35327.3
MinimumVisualStudioVersion = 10.0.40219.1
Project("{FAE04EC0-301F-11D3-BF4B-00C04F79EFBC}") = "WPF_Tutorial_13", "WPF_Tutorial_13.csproj", "{B6C05A86-A216-4FD2-8054-96736F757A6B}"
EndProject
Global
	GlobalSection(SolutionConfigurationPlatforms) = preSolution
		Debug|Any CPU = Debug|Any CPU
		Release|Any CPU = Release|Any CPU
	EndGlobalSection
	GlobalSection(ProjectConfigurationPlatforms) = postSolution
		{B6C05A86-A216-4FD2-8054-96736F757A6B}.Debug|Any CPU.ActiveCfg = Debug|Any CPU
		{B6C05A86-A216-4FD2-8054-96736F757A6B}.Debug|Any CPU.Build.0 = Debug|Any CPU
		{B6C05A86-A216-4FD2-8054-96736F757A6B}.Release|Any CPU.ActiveCfg = Release|Any CPU
		{B6C05A86-A216-4FD2-8054-96736F757A6B}.Release|Any CPU.Build.0 = Release|Any CPU
	EndGlobalSection
	GlobalSection(SolutionProperties) = preSolution
		HideSolutionNode = FALSE
	EndGlobalSection
	GlobalSection(ExtensibilityGlobals) = postSolution
		SolutionGuid = {73B2D676-1DA0-4525-8EFB-42F1D847C268}
	EndGlobalSection
EndGlobal
